
Microsoft Visual Studio Solution File, Format Version 12.00
# Visual Studio Version 16
VisualStudioVersion = 16.0.33328.57
MinimumVisualStudioVersion = 10.0.40219.1
Project("{FAE04EC0-301F-11D3-BF4B-00C04F79EFBC}") = "CarInsurance", "CarInsurance\CarInsurance.csproj", "{BC3D6D90-B8D2-4D44-89DA-C578D0838D21}"
EndProject
Global
	GlobalSection(SolutionConfigurationPlatforms) = preSolution
		Debug|Any CPU = Debug|Any CPU
		Release|Any CPU = Release|Any CPU
	EndGlobalSection
	GlobalSection(ProjectConfigurationPlatforms) = postSolution
		{BC3D6D90-B8D2-4D44-89DA-C578D0838D21}.Debug|Any CPU.ActiveCfg = Debug|Any CPU
		{BC3D6D90-B8D2-4D44-89DA-C578D0838D21}.Debug|Any CPU.Build.0 = Debug|Any CPU
		{BC3D6D90-B8D2-4D44-89DA-C578D0838D21}.Release|Any CPU.ActiveCfg = Release|Any CPU
		{BC3D6D90-B8D2-4D44-89DA-C578D0838D21}.Release|Any CPU.Build.0 = Release|Any CPU
	EndGlobalSection
	GlobalSection(SolutionProperties) = preSolution
		HideSolutionNode = FALSE
	EndGlobalSection
	GlobalSection(ExtensibilityGlobals) = postSolution
		SolutionGuid = {BA469253-7370-42F4-BC43-2D6A3F4F1641}
	EndGlobalSection
EndGlobal
