
Microsoft Visual Studio Solution File, Format Version 12.00
# Visual Studio Version 17
VisualStudioVersion = 17.4.33213.308
MinimumVisualStudioVersion = 10.0.40219.1
Project("{FAE04EC0-301F-11D3-BF4B-00C04F79EFBC}") = "AzureChallenge3", "AzureChallenge3\AzureChallenge3.csproj", "{C7B645B6-2E17-4A1C-82C0-7D252489487D}"
EndProject
Global
	GlobalSection(SolutionConfigurationPlatforms) = preSolution
		Debug|Any CPU = Debug|Any CPU
		Release|Any CPU = Release|Any CPU
	EndGlobalSection
	GlobalSection(ProjectConfigurationPlatforms) = postSolution
		{C7B645B6-2E17-4A1C-82C0-7D252489487D}.Debug|Any CPU.ActiveCfg = Debug|Any CPU
		{C7B645B6-2E17-4A1C-82C0-7D252489487D}.Debug|Any CPU.Build.0 = Debug|Any CPU
		{C7B645B6-2E17-4A1C-82C0-7D252489487D}.Release|Any CPU.ActiveCfg = Release|Any CPU
		{C7B645B6-2E17-4A1C-82C0-7D252489487D}.Release|Any CPU.Build.0 = Release|Any CPU
	EndGlobalSection
	GlobalSection(SolutionProperties) = preSolution
		HideSolutionNode = FALSE
	EndGlobalSection
	GlobalSection(ExtensibilityGlobals) = postSolution
		SolutionGuid = {2ABE9A47-7B7A-4525-BEF9-C4BA17060D5E}
	EndGlobalSection
EndGlobal
