
Microsoft Visual Studio Solution File, Format Version 12.00
# Visual Studio Version 17
VisualStudioVersion = 17.4.33213.308
MinimumVisualStudioVersion = 10.0.40219.1
Project("{FAE04EC0-301F-11D3-BF4B-00C04F79EFBC}") = "CallingMethods", "CallingMethods\CallingMethods.csproj", "{AE709AA5-C1DC-4163-BE40-A6EC3523F02C}"
EndProject
Global
	GlobalSection(SolutionConfigurationPlatforms) = preSolution
		Debug|Any CPU = Debug|Any CPU
		Release|Any CPU = Release|Any CPU
	EndGlobalSection
	GlobalSection(ProjectConfigurationPlatforms) = postSolution
		{AE709AA5-C1DC-4163-BE40-A6EC3523F02C}.Debug|Any CPU.ActiveCfg = Debug|Any CPU
		{AE709AA5-C1DC-4163-BE40-A6EC3523F02C}.Debug|Any CPU.Build.0 = Debug|Any CPU
		{AE709AA5-C1DC-4163-BE40-A6EC3523F02C}.Release|Any CPU.ActiveCfg = Release|Any CPU
		{AE709AA5-C1DC-4163-BE40-A6EC3523F02C}.Release|Any CPU.Build.0 = Release|Any CPU
	EndGlobalSection
	GlobalSection(SolutionProperties) = preSolution
		HideSolutionNode = FALSE
	EndGlobalSection
	GlobalSection(ExtensibilityGlobals) = postSolution
		SolutionGuid = {74A4CE41-86C0-4C5F-97F7-5843F2BA11F1}
	EndGlobalSection
EndGlobal
