
Microsoft Visual Studio Solution File, Format Version 12.00
# Visual Studio Version 17
VisualStudioVersion = 17.4.33213.308
MinimumVisualStudioVersion = 10.0.40219.1
Project("{FAE04EC0-301F-11D3-BF4B-00C04F79EFBC}") = "AbstractClass", "AbstractClass\AbstractClass.csproj", "{4A8A0238-9DD3-4356-94F2-AE750662C648}"
EndProject
Global
	GlobalSection(SolutionConfigurationPlatforms) = preSolution
		Debug|Any CPU = Debug|Any CPU
		Release|Any CPU = Release|Any CPU
	EndGlobalSection
	GlobalSection(ProjectConfigurationPlatforms) = postSolution
		{4A8A0238-9DD3-4356-94F2-AE750662C648}.Debug|Any CPU.ActiveCfg = Debug|Any CPU
		{4A8A0238-9DD3-4356-94F2-AE750662C648}.Debug|Any CPU.Build.0 = Debug|Any CPU
		{4A8A0238-9DD3-4356-94F2-AE750662C648}.Release|Any CPU.ActiveCfg = Release|Any CPU
		{4A8A0238-9DD3-4356-94F2-AE750662C648}.Release|Any CPU.Build.0 = Release|Any CPU
	EndGlobalSection
	GlobalSection(SolutionProperties) = preSolution
		HideSolutionNode = FALSE
	EndGlobalSection
	GlobalSection(ExtensibilityGlobals) = postSolution
		SolutionGuid = {7ABEEFEB-1924-47EC-A8A3-4159A1C6E9A0}
	EndGlobalSection
EndGlobal
